Microsoft Visual Studio Solution File, Format Version 12.00
# Visual Studio Version 16
VisualStudioVersion = 16.0.29519.87
MinimumVisualStudioVersion = 10.0.40219.1
Project("{F184B08F-C81C-45F6-A57F-5ABD9991F28F}") = "SimpleWebReportCatalog", "SimpleWebReportCatalog\SimpleWebReportCatalog.vbproj", "{30AFB38A-0E39-471D-B58B-3C32922F7E26}"
EndProject
Global
	GlobalSection(SolutionConfigurationPlatforms) = preSolution
		Debug|Any CPU = Debug|Any CPU
		Release|Any CPU = Release|Any CPU
	EndGlobalSection
	GlobalSection(ProjectConfigurationPlatforms) = postSolution
		{30AFB38A-0E39-471D-B58B-3C32922F7E26}.Debug|Any CPU.ActiveCfg = Debug|Any CPU
		{30AFB38A-0E39-471D-B58B-3C32922F7E26}.Debug|Any CPU.Build.0 = Debug|Any CPU
		{30AFB38A-0E39-471D-B58B-3C32922F7E26}.Release|Any CPU.ActiveCfg = Release|Any CPU
		{30AFB38A-0E39-471D-B58B-3C32922F7E26}.Release|Any CPU.Build.0 = Release|Any CPU
	EndGlobalSection
	GlobalSection(SolutionProperties) = preSolution
		HideSolutionNode = FALSE
	EndGlobalSection
	GlobalSection(ExtensibilityGlobals) = postSolution
		SolutionGuid = {1A716812-DCFE-4822-99C4-AD3033281AC4}
	EndGlobalSection
EndGlobal
